
Microsoft Visual Studio Solution File, Format Version 12.00
# Visual Studio 15
VisualStudioVersion = 15.0.28307.421
MinimumVisualStudioVersion = 10.0.40219.1
Project("{8BC9CEB8-8B4A-11D0-8D11-00A0C91BC942}") = "lewo.C", "lewo.C.vcxproj", "{B6936A35-AC14-4104-B4A2-9AC2DF824A87}"
EndProject
Global
	GlobalSection(SolutionConfigurationPlatforms) = preSolution
		Debug|x64 = Debug|x64
		Debug|x86 = Debug|x86
		Release|x64 = Release|x64
		Release|x86 = Release|x86
	EndGlobalSection
	GlobalSection(ProjectConfigurationPlatforms) = postSolution
		{B6936A35-AC14-4104-B4A2-9AC2DF824A87}.Debug|x64.ActiveCfg = Debug|x64
		{B6936A35-AC14-4104-B4A2-9AC2DF824A87}.Debug|x64.Build.0 = Debug|x64
		{B6936A35-AC14-4104-B4A2-9AC2DF824A87}.Debug|x86.ActiveCfg = Debug|Win32
		{B6936A35-AC14-4104-B4A2-9AC2DF824A87}.Debug|x86.Build.0 = Debug|Win32
		{B6936A35-AC14-4104-B4A2-9AC2DF824A87}.Release|x64.ActiveCfg = Release|x64
		{B6936A35-AC14-4104-B4A2-9AC2DF824A87}.Release|x64.Build.0 = Release|x64
		{B6936A35-AC14-4104-B4A2-9AC2DF824A87}.Release|x86.ActiveCfg = Release|Win32
		{B6936A35-AC14-4104-B4A2-9AC2DF824A87}.Release|x86.Build.0 = Release|Win32
	EndGlobalSection
	GlobalSection(SolutionProperties) = preSolution
		HideSolutionNode = FALSE
	EndGlobalSection
	GlobalSection(ExtensibilityGlobals) = postSolution
		SolutionGuid = {256BCCA8-485F-4DCF-9D2A-CC6A5F9B90C8}
	EndGlobalSection
EndGlobal
